
Microsoft Visual Studio Solution File, Format Version 12.00
# Visual Studio Version 17
VisualStudioVersion = 17.0.31423.177
MinimumVisualStudioVersion = 10.0.40219.1
Project("{2150E333-8FDC-42A3-9474-1A3956D46DE8}") = "Tests", "Tests", "{01208C3F-8E68-45D6-B9EF-2EC77EB54316}"
EndProject
Project("{2150E333-8FDC-42A3-9474-1A3956D46DE8}") = "Domain", "Domain", "{5D4DDF9D-8E4A-4EF8-BF83-89F4C9F01825}"
EndProject
Project("{2150E333-8FDC-42A3-9474-1A3956D46DE8}") = "Infrastructure", "Infrastructure", "{9CD9B3F1-9756-484C-9FAB-AAABEF9BFAC2}"
EndProject
Project("{2150E333-8FDC-42A3-9474-1A3956D46DE8}") = "EntryPoints", "EntryPoints", "{554498F1-52A1-4209-A1DF-DE4437553AC9}"
EndProject
Project("{2150E333-8FDC-42A3-9474-1A3956D46DE8}") = "DrivenAdapters", "DrivenAdapters", "{19A6CA90-FE1F-4E4B-B85C-E5E51C983DA9}"
EndProject
Project("{2150E333-8FDC-42A3-9474-1A3956D46DE8}") = "src", "src", "{6583862F-6F38-4550-B283-C4E0ABECEA65}"
EndProject
Project("{2150E333-8FDC-42A3-9474-1A3956D46DE8}") = "Domain", "Domain", "{AC42ABD1-159C-447D-91E2-318D8A58F9B9}"
EndProject
Project("{2150E333-8FDC-42A3-9474-1A3956D46DE8}") = "Applications", "Applications", "{049B3DBB-5902-45FF-BB94-5BBCA7973FFA}"
EndProject
Project("{2150E333-8FDC-42A3-9474-1A3956D46DE8}") = "Infrastructure", "Infrastructure", "{7F1A4129-E190-4C70-A462-67468D725456}"
EndProject
Project("{2150E333-8FDC-42A3-9474-1A3956D46DE8}") = "EntryPoints", "EntryPoints", "{8BCCC811-EA30-4F69-8A5B-1CB2176BE34C}"
EndProject
Project("{2150E333-8FDC-42A3-9474-1A3956D46DE8}") = "DrivenAdapters", "DrivenAdapters", "{11EA6317-56F7-4CD7-88CB-DA874A998689}"
EndProject
Project("{2150E333-8FDC-42A3-9474-1A3956D46DE8}") = "Helpers", "Helpers", "{3B96D523-191E-490F-A9AB-338E1EFEFBDC}"
EndProject
Project("{9A19103F-16F7-4668-BE54-9A1E7A4F7556}") = "Practica2.AppServices", "Practica2\src\Applications\Practica2.AppServices\Practica2.AppServices.csproj", "{78EBC178-D475-4D19-91AC-51D2A72118E9}"
EndProject
Project("{9A19103F-16F7-4668-BE54-9A1E7A4F7556}") = "Domain.Model", "Practica2\src\Domain\Domain.Model\Domain.Model.csproj", "{BD3AA820-C752-495C-A08B-F2910D36A3DE}"
EndProject
Project("{9A19103F-16F7-4668-BE54-9A1E7A4F7556}") = "Domain.UseCase", "Practica2\src\Domain\Domain.UseCase\Domain.UseCase.csproj", "{1CB5E069-ED70-4064-8ED7-F7BD16BD5BD9}"
EndProject
Project("{9A19103F-16F7-4668-BE54-9A1E7A4F7556}") = "DrivenAdapters.Mongo", "Practica2\src\Infrastructure\DrivenAdapters\DrivenAdapters.Mongo\DrivenAdapters.Mongo.csproj", "{E669DB51-5539-4C5A-AB8F-CA69568398B0}"
EndProject
Project("{9A19103F-16F7-4668-BE54-9A1E7A4F7556}") = "EntryPoints.ReactiveWeb", "Practica2\src\Infrastructure\EntryPoints\EntryPoints.ReactiveWeb\EntryPoints.ReactiveWeb.csproj", "{2CECC171-64E0-42C9-BDE8-C0602EDBF216}"
EndProject
Project("{9A19103F-16F7-4668-BE54-9A1E7A4F7556}") = "Helpers.Commons", "Practica2\src\Infrastructure\Helpers\Helpers.Commons\Helpers.Commons.csproj", "{F588E861-6C86-4C9D-B9EC-959FD3EF8FCD}"
EndProject
Project("{9A19103F-16F7-4668-BE54-9A1E7A4F7556}") = "Helpers.ObjectsUtils", "Practica2\src\Infrastructure\Helpers\Helpers.ObjectsUtils\Helpers.ObjectsUtils.csproj", "{1416ED92-07EF-4CC0-BF3C-FE4BE6CE2E9A}"
EndProject
Project("{9A19103F-16F7-4668-BE54-9A1E7A4F7556}") = "Domain.Model.Tests", "Practica2\Tests\Domain\Domain.Model.Tests\Domain.Model.Tests.csproj", "{51FFE0B0-81ED-43BE-AF31-D7F4EE263573}"
EndProject
Project("{9A19103F-16F7-4668-BE54-9A1E7A4F7556}") = "Domain.UseCase.Tests", "Practica2\Tests\Domain\Domain.UseCase.Tests\Domain.UseCase.Tests.csproj", "{55C75363-E47C-4BCE-97E6-7F79A09FEF7D}"
EndProject
Project("{9A19103F-16F7-4668-BE54-9A1E7A4F7556}") = "DrivenAdapters.Mongo.Tests", "Practica2\Tests\Infrastructure\DrivenAdapters\DrivenAdapters.Mongo.Tests\DrivenAdapters.Mongo.Tests.csproj", "{7DB8313A-F77A-414B-BE0B-0301895BAFDF}"
EndProject
Project("{9A19103F-16F7-4668-BE54-9A1E7A4F7556}") = "EntryPoints.ReactWeb.Tests", "Practica2\Tests\Infrastructure\EntryPoints\EntryPoints.ReactWeb.Tests\EntryPoints.ReactWeb.Tests.csproj", "{AA88A954-22AB-4940-B58C-DA3BF03A7074}"
EndProject
Project("{2150E333-8FDC-42A3-9474-1A3956D46DE8}") = "Helpers", "Helpers", "{F3AF5F01-D9DF-4764-BB20-E3B624316449}"
EndProject
Project("{9A19103F-16F7-4668-BE54-9A1E7A4F7556}") = "DrivenAdapter.Files.Tests", "Practica2\Tests\Infrastructure\DrivenAdapters\DrivenAdapter.Files.Test\DrivenAdapter.Files.Tests.csproj", "{9E0D58F8-4F45-4A49-B01C-25C35BBDA574}"
EndProject
Project("{9A19103F-16F7-4668-BE54-9A1E7A4F7556}") = "Helpers.Commons.Tests", "Practica2\Tests\Infrastructure\Helpers.Commons.Tests\Helpers.Commons.Tests.csproj", "{C050D689-CD1E-43D0-A087-307EB8139774}"
EndProject
Project("{9A19103F-16F7-4668-BE54-9A1E7A4F7556}") = "Helpers.ObjectsUtils.Tests", "Practica2\Tests\Infrastructure\Helpers.ObjectsUtils.Tests\Helpers.ObjectsUtils.Tests.csproj", "{2D81F075-CCDB-41D2-A13C-931668C968E0}"
EndProject
Project("{2150E333-8FDC-42A3-9474-1A3956D46DE8}") = "Applications", "Applications", "{D135C856-D311-4454-A32B-0FFC28BF71F2}"
EndProject
Project("{9A19103F-16F7-4668-BE54-9A1E7A4F7556}") = "Configurador.AppServices.Tests", "Practica2\Tests\Configurador.AppServices.Tests\Configurador.AppServices.Tests.csproj", "{30C2D570-428A-4A21-8DDD-A58F3F4DA9BE}"
EndProject
Global
	GlobalSection(SolutionConfigurationPlatforms) = preSolution
		Debug|Any CPU = Debug|Any CPU
		Release|Any CPU = Release|Any CPU
	EndGlobalSection
	GlobalSection(ProjectConfigurationPlatforms) = postSolution
		{78EBC178-D475-4D19-91AC-51D2A72118E9}.Debug|Any CPU.ActiveCfg = Debug|Any CPU
		{78EBC178-D475-4D19-91AC-51D2A72118E9}.Debug|Any CPU.Build.0 = Debug|Any CPU
		{78EBC178-D475-4D19-91AC-51D2A72118E9}.Release|Any CPU.ActiveCfg = Release|Any CPU
		{78EBC178-D475-4D19-91AC-51D2A72118E9}.Release|Any CPU.Build.0 = Release|Any CPU
		{BD3AA820-C752-495C-A08B-F2910D36A3DE}.Debug|Any CPU.ActiveCfg = Debug|Any CPU
		{BD3AA820-C752-495C-A08B-F2910D36A3DE}.Debug|Any CPU.Build.0 = Debug|Any CPU
		{BD3AA820-C752-495C-A08B-F2910D36A3DE}.Release|Any CPU.ActiveCfg = Release|Any CPU
		{BD3AA820-C752-495C-A08B-F2910D36A3DE}.Release|Any CPU.Build.0 = Release|Any CPU
		{1CB5E069-ED70-4064-8ED7-F7BD16BD5BD9}.Debug|Any CPU.ActiveCfg = Debug|Any CPU
		{1CB5E069-ED70-4064-8ED7-F7BD16BD5BD9}.Debug|Any CPU.Build.0 = Debug|Any CPU
		{1CB5E069-ED70-4064-8ED7-F7BD16BD5BD9}.Release|Any CPU.ActiveCfg = Release|Any CPU
		{1CB5E069-ED70-4064-8ED7-F7BD16BD5BD9}.Release|Any CPU.Build.0 = Release|Any CPU
		{E669DB51-5539-4C5A-AB8F-CA69568398B0}.Debug|Any CPU.ActiveCfg = Debug|Any CPU
		{E669DB51-5539-4C5A-AB8F-CA69568398B0}.Debug|Any CPU.Build.0 = Debug|Any CPU
		{E669DB51-5539-4C5A-AB8F-CA69568398B0}.Release|Any CPU.ActiveCfg = Release|Any CPU
		{E669DB51-5539-4C5A-AB8F-CA69568398B0}.Release|Any CPU.Build.0 = Release|Any CPU
		{2CECC171-64E0-42C9-BDE8-C0602EDBF216}.Debug|Any CPU.ActiveCfg = Debug|Any CPU
		{2CECC171-64E0-42C9-BDE8-C0602EDBF216}.Debug|Any CPU.Build.0 = Debug|Any CPU
		{2CECC171-64E0-42C9-BDE8-C0602EDBF216}.Release|Any CPU.ActiveCfg = Release|Any CPU
		{2CECC171-64E0-42C9-BDE8-C0602EDBF216}.Release|Any CPU.Build.0 = Release|Any CPU
		{F588E861-6C86-4C9D-B9EC-959FD3EF8FCD}.Debug|Any CPU.ActiveCfg = Debug|Any CPU
		{F588E861-6C86-4C9D-B9EC-959FD3EF8FCD}.Debug|Any CPU.Build.0 = Debug|Any CPU
		{F588E861-6C86-4C9D-B9EC-959FD3EF8FCD}.Release|Any CPU.ActiveCfg = Release|Any CPU
		{F588E861-6C86-4C9D-B9EC-959FD3EF8FCD}.Release|Any CPU.Build.0 = Release|Any CPU
		{1416ED92-07EF-4CC0-BF3C-FE4BE6CE2E9A}.Debug|Any CPU.ActiveCfg = Debug|Any CPU
		{1416ED92-07EF-4CC0-BF3C-FE4BE6CE2E9A}.Debug|Any CPU.Build.0 = Debug|Any CPU
		{1416ED92-07EF-4CC0-BF3C-FE4BE6CE2E9A}.Release|Any CPU.ActiveCfg = Release|Any CPU
		{1416ED92-07EF-4CC0-BF3C-FE4BE6CE2E9A}.Release|Any CPU.Build.0 = Release|Any CPU
		{51FFE0B0-81ED-43BE-AF31-D7F4EE263573}.Debug|Any CPU.ActiveCfg = Debug|Any CPU
		{51FFE0B0-81ED-43BE-AF31-D7F4EE263573}.Debug|Any CPU.Build.0 = Debug|Any CPU
		{51FFE0B0-81ED-43BE-AF31-D7F4EE263573}.Release|Any CPU.ActiveCfg = Release|Any CPU
		{51FFE0B0-81ED-43BE-AF31-D7F4EE263573}.Release|Any CPU.Build.0 = Release|Any CPU
		{55C75363-E47C-4BCE-97E6-7F79A09FEF7D}.Debug|Any CPU.ActiveCfg = Debug|Any CPU
		{55C75363-E47C-4BCE-97E6-7F79A09FEF7D}.Debug|Any CPU.Build.0 = Debug|Any CPU
		{55C75363-E47C-4BCE-97E6-7F79A09FEF7D}.Release|Any CPU.ActiveCfg = Release|Any CPU
		{55C75363-E47C-4BCE-97E6-7F79A09FEF7D}.Release|Any CPU.Build.0 = Release|Any CPU
		{7DB8313A-F77A-414B-BE0B-0301895BAFDF}.Debug|Any CPU.ActiveCfg = Debug|Any CPU
		{7DB8313A-F77A-414B-BE0B-0301895BAFDF}.Debug|Any CPU.Build.0 = Debug|Any CPU
		{7DB8313A-F77A-414B-BE0B-0301895BAFDF}.Release|Any CPU.ActiveCfg = Release|Any CPU
		{7DB8313A-F77A-414B-BE0B-0301895BAFDF}.Release|Any CPU.Build.0 = Release|Any CPU
		{AA88A954-22AB-4940-B58C-DA3BF03A7074}.Debug|Any CPU.ActiveCfg = Debug|Any CPU
		{AA88A954-22AB-4940-B58C-DA3BF03A7074}.Debug|Any CPU.Build.0 = Debug|Any CPU
		{AA88A954-22AB-4940-B58C-DA3BF03A7074}.Release|Any CPU.ActiveCfg = Release|Any CPU
		{AA88A954-22AB-4940-B58C-DA3BF03A7074}.Release|Any CPU.Build.0 = Release|Any CPU
		{9E0D58F8-4F45-4A49-B01C-25C35BBDA574}.Debug|Any CPU.ActiveCfg = Debug|Any CPU
		{9E0D58F8-4F45-4A49-B01C-25C35BBDA574}.Debug|Any CPU.Build.0 = Debug|Any CPU
		{9E0D58F8-4F45-4A49-B01C-25C35BBDA574}.Release|Any CPU.ActiveCfg = Release|Any CPU
		{9E0D58F8-4F45-4A49-B01C-25C35BBDA574}.Release|Any CPU.Build.0 = Release|Any CPU
		{C050D689-CD1E-43D0-A087-307EB8139774}.Debug|Any CPU.ActiveCfg = Debug|Any CPU
		{C050D689-CD1E-43D0-A087-307EB8139774}.Debug|Any CPU.Build.0 = Debug|Any CPU
		{C050D689-CD1E-43D0-A087-307EB8139774}.Release|Any CPU.ActiveCfg = Release|Any CPU
		{C050D689-CD1E-43D0-A087-307EB8139774}.Release|Any CPU.Build.0 = Release|Any CPU
		{2D81F075-CCDB-41D2-A13C-931668C968E0}.Debug|Any CPU.ActiveCfg = Debug|Any CPU
		{2D81F075-CCDB-41D2-A13C-931668C968E0}.Debug|Any CPU.Build.0 = Debug|Any CPU
		{2D81F075-CCDB-41D2-A13C-931668C968E0}.Release|Any CPU.ActiveCfg = Release|Any CPU
		{2D81F075-CCDB-41D2-A13C-931668C968E0}.Release|Any CPU.Build.0 = Release|Any CPU
		{30C2D570-428A-4A21-8DDD-A58F3F4DA9BE}.Debug|Any CPU.ActiveCfg = Debug|Any CPU
		{30C2D570-428A-4A21-8DDD-A58F3F4DA9BE}.Debug|Any CPU.Build.0 = Debug|Any CPU
		{30C2D570-428A-4A21-8DDD-A58F3F4DA9BE}.Release|Any CPU.ActiveCfg = Release|Any CPU
		{30C2D570-428A-4A21-8DDD-A58F3F4DA9BE}.Release|Any CPU.Build.0 = Release|Any CPU
	EndGlobalSection
	GlobalSection(SolutionProperties) = preSolution
		HideSolutionNode = FALSE
	EndGlobalSection
	GlobalSection(NestedProjects) = preSolution
		{5D4DDF9D-8E4A-4EF8-BF83-89F4C9F01825} = {01208C3F-8E68-45D6-B9EF-2EC77EB54316}
		{9CD9B3F1-9756-484C-9FAB-AAABEF9BFAC2} = {01208C3F-8E68-45D6-B9EF-2EC77EB54316}
		{554498F1-52A1-4209-A1DF-DE4437553AC9} = {9CD9B3F1-9756-484C-9FAB-AAABEF9BFAC2}
		{19A6CA90-FE1F-4E4B-B85C-E5E51C983DA9} = {9CD9B3F1-9756-484C-9FAB-AAABEF9BFAC2}
		{AC42ABD1-159C-447D-91E2-318D8A58F9B9} = {6583862F-6F38-4550-B283-C4E0ABECEA65}
		{049B3DBB-5902-45FF-BB94-5BBCA7973FFA} = {6583862F-6F38-4550-B283-C4E0ABECEA65}
		{7F1A4129-E190-4C70-A462-67468D725456} = {6583862F-6F38-4550-B283-C4E0ABECEA65}
		{8BCCC811-EA30-4F69-8A5B-1CB2176BE34C} = {7F1A4129-E190-4C70-A462-67468D725456}
		{11EA6317-56F7-4CD7-88CB-DA874A998689} = {7F1A4129-E190-4C70-A462-67468D725456}
		{3B96D523-191E-490F-A9AB-338E1EFEFBDC} = {7F1A4129-E190-4C70-A462-67468D725456}
		{78EBC178-D475-4D19-91AC-51D2A72118E9} = {049B3DBB-5902-45FF-BB94-5BBCA7973FFA}
		{BD3AA820-C752-495C-A08B-F2910D36A3DE} = {AC42ABD1-159C-447D-91E2-318D8A58F9B9}
		{1CB5E069-ED70-4064-8ED7-F7BD16BD5BD9} = {AC42ABD1-159C-447D-91E2-318D8A58F9B9}
		{E669DB51-5539-4C5A-AB8F-CA69568398B0} = {11EA6317-56F7-4CD7-88CB-DA874A998689}
		{2CECC171-64E0-42C9-BDE8-C0602EDBF216} = {8BCCC811-EA30-4F69-8A5B-1CB2176BE34C}
		{F588E861-6C86-4C9D-B9EC-959FD3EF8FCD} = {3B96D523-191E-490F-A9AB-338E1EFEFBDC}
		{1416ED92-07EF-4CC0-BF3C-FE4BE6CE2E9A} = {3B96D523-191E-490F-A9AB-338E1EFEFBDC}
		{51FFE0B0-81ED-43BE-AF31-D7F4EE263573} = {5D4DDF9D-8E4A-4EF8-BF83-89F4C9F01825}
		{55C75363-E47C-4BCE-97E6-7F79A09FEF7D} = {5D4DDF9D-8E4A-4EF8-BF83-89F4C9F01825}
		{7DB8313A-F77A-414B-BE0B-0301895BAFDF} = {19A6CA90-FE1F-4E4B-B85C-E5E51C983DA9}
		{AA88A954-22AB-4940-B58C-DA3BF03A7074} = {554498F1-52A1-4209-A1DF-DE4437553AC9}
		{F3AF5F01-D9DF-4764-BB20-E3B624316449} = {9CD9B3F1-9756-484C-9FAB-AAABEF9BFAC2}
		{9E0D58F8-4F45-4A49-B01C-25C35BBDA574} = {19A6CA90-FE1F-4E4B-B85C-E5E51C983DA9}
		{C050D689-CD1E-43D0-A087-307EB8139774} = {F3AF5F01-D9DF-4764-BB20-E3B624316449}
		{2D81F075-CCDB-41D2-A13C-931668C968E0} = {F3AF5F01-D9DF-4764-BB20-E3B624316449}
		{D135C856-D311-4454-A32B-0FFC28BF71F2} = {01208C3F-8E68-45D6-B9EF-2EC77EB54316}
		{30C2D570-428A-4A21-8DDD-A58F3F4DA9BE} = {D135C856-D311-4454-A32B-0FFC28BF71F2}
	EndGlobalSection
	GlobalSection(ExtensibilityGlobals) = postSolution
		SolutionGuid = {5E122021-30A4-479C-BC54-7246D8C9F43C}
	EndGlobalSection
EndGlobal
